// !$*UTF8*$!
{
	archiveVersion = 1;
	classes = {
	};
	objectVersion = 46;
	objects = {

/* Begin PBXBuildFile section */
		50339CB545E11AB0E51D741F /* Pods_MovieViewer.framework in Frameworks */ = {isa = PBXBuildFile; fileRef = F4E8A370AF5A63886D6245CA /* Pods_MovieViewer.framework */; };
		5C6BC7A51C6441DC009E5FA9 /* AppDelegate.swift in Sources */ = {isa = PBXBuildFile; fileRef = 5C6BC7A41C6441DC009E5FA9 /* AppDelegate.swift */; };
		5C6BC7AA1C6441DC009E5FA9 /* Main.storyboard in Resources */ = {isa = PBXBuildFile; fileRef = 5C6BC7A81C6441DC009E5FA9 /* Main.storyboard */; };
		5C6BC7AC1C6441DC009E5FA9 /* Assets.xcassets in Resources */ = {isa = PBXBuildFile; fileRef = 5C6BC7AB1C6441DC009E5FA9 /* Assets.xcassets */; };
		5C6BC7AF1C6441DC009E5FA9 /* LaunchScreen.storyboard in Resources */ = {isa = PBXBuildFile; fileRef = 5C6BC7AD1C6441DC009E5FA9 /* LaunchScreen.storyboard */; };
		5C6BC7B71C644303009E5FA9 /* MoviesViewController.swift in Sources */ = {isa = PBXBuildFile; fileRef = 5C6BC7B61C644303009E5FA9 /* MoviesViewController.swift */; };
		5C6E36511C682E0F009049BC /* Style.swift in Sources */ = {isa = PBXBuildFile; fileRef = 5C6E36501C682E0F009049BC /* Style.swift */; };
		5C6E36551C6848BA009049BC /* collectionMovieCell.swift in Sources */ = {isa = PBXBuildFile; fileRef = 5C6E36541C6848BA009049BC /* collectionMovieCell.swift */; };
		5CECEC3B1C644D4A006963C7 /* MovieModel.swift in Sources */ = {isa = PBXBuildFile; fileRef = 5CECEC3A1C644D4A006963C7 /* MovieModel.swift */; };
		5CECEC3E1C645452006963C7 /* MovieCell.swift in Sources */ = {isa = PBXBuildFile; fileRef = 5CECEC3D1C645452006963C7 /* MovieCell.swift */; };
		5CECEC421C645AD7006963C7 /* DetailViewController.swift in Sources */ = {isa = PBXBuildFile; fileRef = 5CECEC411C645AD7006963C7 /* DetailViewController.swift */; };
/* End PBXBuildFile section */

/* Begin PBXFileReference section */
		1CCAFD3D6D05FA9D3D6A11E3 /* Pods-MovieViewer.release.xcconfig */ = {isa = PBXFileReference; includeInIndex = 1; lastKnownFileType = text.xcconfig; name = "Pods-MovieViewer.release.xcconfig"; path = "Pods/Target Support Files/Pods-MovieViewer/Pods-MovieViewer.release.xcconfig"; sourceTree = "<group>"; };
		5C6BC7A11C6441DC009E5FA9 /* MovieViewer.app */ = {isa = PBXFileReference; explicitFileType = wrapper.application; includeInIndex = 0; path = MovieViewer.app; sourceTree = BUILT_PRODUCTS_DIR; };
		5C6BC7A41C6441DC009E5FA9 /* AppDelegate.swift */ = {isa = PBXFileReference; lastKnownFileType = sourcecode.swift; path = AppDelegate.swift; sourceTree = "<group>"; };
		5C6BC7A91C6441DC009E5FA9 /* Base */ = {isa = PBXFileReference; lastKnownFileType = file.storyboard; name = Base; path = Base.lproj/Main.storyboard; sourceTree = "<group>"; };
		5C6BC7AB1C6441DC009E5FA9 /* Assets.xcassets */ = {isa = PBXFileReference; lastKnownFileType = folder.assetcatalog; path = Assets.xcassets; sourceTree = "<group>"; };
		5C6BC7AE1C6441DC009E5FA9 /* Base */ = {isa = PBXFileReference; lastKnownFileType = file.storyboard; name = Base; path = Base.lproj/LaunchScreen.storyboard; sourceTree = "<group>"; };
		5C6BC7B01C6441DC009E5FA9 /* Info.plist */ = {isa = PBXFileReference; lastKnownFileType = text.plist.xml; path = Info.plist; sourceTree = "<group>"; };
		5C6BC7B61C644303009E5FA9 /* MoviesViewController.swift */ = {isa = PBXFileReference; fileEncoding = 4; lastKnownFileType = sourcecode.swift; path = MoviesViewController.swift; sourceTree = "<group>"; };
		5C6E36501C682E0F009049BC /* Style.swift */ = {isa = PBXFileReference; fileEncoding = 4; lastKnownFileType = sourcecode.swift; path = Style.swift; sourceTree = "<group>"; };
		5C6E36541C6848BA009049BC /* collectionMovieCell.swift */ = {isa = PBXFileReference; fileEncoding = 4; lastKnownFileType = sourcecode.swift; path = collectionMovieCell.swift; sourceTree = "<group>"; };
		5CECEC3A1C644D4A006963C7 /* MovieModel.swift */ = {isa = PBXFileReference; fileEncoding = 4; lastKnownFileType = sourcecode.swift; path = MovieModel.swift; sourceTree = "<group>"; };
		5CECEC3D1C645452006963C7 /* MovieCell.swift */ = {isa = PBXFileReference; fileEncoding = 4; lastKnownFileType = sourcecode.swift; path = MovieCell.swift; sourceTree = "<group>"; };
		5CECEC411C645AD7006963C7 /* DetailViewController.swift */ = {isa = PBXFileReference; fileEncoding = 4; lastKnownFileType = sourcecode.swift; path = DetailViewController.swift; sourceTree = "<group>"; };
		D12D1929E499167871631BAA /* Pods-MovieViewer.debug.xcconfig */ = {isa = PBXFileReference; includeInIndex = 1; lastKnownFileType = text.xcconfig; name = "Pods-MovieViewer.debug.xcconfig"; path = "Pods/Target Support Files/Pods-MovieViewer/Pods-MovieViewer.debug.xcconfig"; sourceTree = "<group>"; };
		F4E8A370AF5A63886D6245CA /* Pods_MovieViewer.framework */ = {isa = PBXFileReference; explicitFileType = wrapper.framework; includeInIndex = 0; path = Pods_MovieViewer.framework; sourceTree = BUILT_PRODUCTS_DIR; };
/* End PBXFileReference section */

/* Begin PBXFrameworksBuildPhase section */
		5C6BC79E1C6441DC009E5FA9 /* Frameworks */ = {
			isa = PBXFrameworksBuildPhase;
			buildActionMask = 2147483647;
			files = (
				50339CB545E11AB0E51D741F /* Pods_MovieViewer.framework in Frameworks */,
			);
			runOnlyForDeploymentPostprocessing = 0;
		};
/* End PBXFrameworksBuildPhase section */

/* Begin PBXGroup section */
		02646517D9DC761193B7583F /* Pods */ = {
			isa = PBXGroup;
			children = (
				D12D1929E499167871631BAA /* Pods-MovieViewer.debug.xcconfig */,
				1CCAFD3D6D05FA9D3D6A11E3 /* Pods-MovieViewer.release.xcconfig */,
			);
			name = Pods;
			sourceTree = "<group>";
		};
		5C6BC7981C6441DC009E5FA9 = {
			isa = PBXGroup;
			children = (
				5C6E36501C682E0F009049BC /* Style.swift */,
				5C6BC7A31C6441DC009E5FA9 /* MovieViewer */,
				5C6BC7A21C6441DC009E5FA9 /* Products */,
				02646517D9DC761193B7583F /* Pods */,
				7649B5DEDD2FD2E1D7D89019 /* Frameworks */,
			);
			sourceTree = "<group>";
		};
		5C6BC7A21C6441DC009E5FA9 /* Products */ = {
			isa = PBXGroup;
			children = (
				5C6BC7A11C6441DC009E5FA9 /* MovieViewer.app */,
			);
			name = Products;
			sourceTree = "<group>";
		};
		5C6BC7A31C6441DC009E5FA9 /* MovieViewer */ = {
			isa = PBXGroup;
			children = (
				5CECEC401C64546B006963C7 /* Models */,
				5CECEC3F1C64545B006963C7 /* ViewControllers */,
				5CECEC3C1C645430006963C7 /* Views */,
				5C6BC7A41C6441DC009E5FA9 /* AppDelegate.swift */,
				5C6BC7A81C6441DC009E5FA9 /* Main.storyboard */,
				5C6BC7AB1C6441DC009E5FA9 /* Assets.xcassets */,
				5C6BC7AD1C6441DC009E5FA9 /* LaunchScreen.storyboard */,
				5C6BC7B01C6441DC009E5FA9 /* Info.plist */,
			);
			path = MovieViewer;
			sourceTree = "<group>";
		};
		5CECEC3C1C645430006963C7 /* Views */ = {
			isa = PBXGroup;
			children = (
				5CECEC3D1C645452006963C7 /* MovieCell.swift */,
				5C6E36541C6848BA009049BC /* collectionMovieCell.swift */,
			);
			name = Views;
			sourceTree = "<group>";
		};
		5CECEC3F1C64545B006963C7 /* ViewControllers */ = {
			isa = PBXGroup;
			children = (
				5C6BC7B61C644303009E5FA9 /* MoviesViewController.swift */,
				5CECEC411C645AD7006963C7 /* DetailViewController.swift */,
			);
			name = ViewControllers;
			sourceTree = "<group>";
		};
		5CECEC401C64546B006963C7 /* Models */ = {
			isa = PBXGroup;
			children = (
				5CECEC3A1C644D4A006963C7 /* MovieModel.swift */,
			);
			name = Models;
			sourceTree = "<group>";
		};
		7649B5DEDD2FD2E1D7D89019 /* Frameworks */ = {
			isa = PBXGroup;
			children = (
				F4E8A370AF5A63886D6245CA /* Pods_MovieViewer.framework */,
			);
			name = Frameworks;
			sourceTree = "<group>";
		};
/* End PBXGroup section */

/* Begin PBXNativeTarget section */
		5C6BC7A01C6441DC009E5FA9 /* MovieViewer */ = {
			isa = PBXNativeTarget;
			buildConfigurationList = 5C6BC7B31C6441DC009E5FA9 /* Build configuration list for PBXNativeTarget "MovieViewer" */;
			buildPhases = (
				45BDD538A73B95B2FAC2896E /* Check Pods Manifest.lock */,
				5C6BC79D1C6441DC009E5FA9 /* Sources */,
				5C6BC79E1C6441DC009E5FA9 /* Frameworks */,
				5C6BC79F1C6441DC009E5FA9 /* Resources */,
				88126D74282785A17F4178D2 /* Embed Pods Frameworks */,
				275AE11ED8EFC30B561FA8FF /* Copy Pods Resources */,
			);
			buildRules = (
			);
			dependencies = (
			);
			name = MovieViewer;
			productName = MovieViewer;
			productReference = 5C6BC7A11C6441DC009E5FA9 /* MovieViewer.app */;
			productType = "com.apple.product-type.application";
		};
/* End PBXNativeTarget section */

/* Begin PBXProject section */
		5C6BC7991C6441DC009E5FA9 /* Project object */ = {
			isa = PBXProject;
			attributes = {
				LastSwiftUpdateCheck = 0720;
				LastUpgradeCheck = 0720;
				ORGANIZATIONNAME = "William Johnson";
				TargetAttributes = {
					5C6BC7A01C6441DC009E5FA9 = {
						CreatedOnToolsVersion = 7.2;
						DevelopmentTeam = H27A3U4FRN;
					};
				};
			};
			buildConfigurationList = 5C6BC79C1C6441DC009E5FA9 /* Build configuration list for PBXProject "MovieViewer" */;
			compatibilityVersion = "Xcode 3.2";
			developmentRegion = English;
			hasScannedForEncodings = 0;
			knownRegions = (
				en,
				Base,
			);
			mainGroup = 5C6BC7981C6441DC009E5FA9;
			productRefGroup = 5C6BC7A21C6441DC009E5FA9 /* Products */;
			projectDirPath = "";
			projectRoot = "";
			targets = (
				5C6BC7A01C6441DC009E5FA9 /* MovieViewer */,
			);
		};
/* End PBXProject section */

/* Begin PBXResourcesBuildPhase section */
		5C6BC79F1C6441DC009E5FA9 /* Resources */ = {
			isa = PBXResourcesBuildPhase;
			buildActionMask = 2147483647;
			files = (
				5C6BC7AF1C6441DC009E5FA9 /* LaunchScreen.storyboard in Resources */,
				5C6BC7AC1C6441DC009E5FA9 /* Assets.xcassets in Resources */,
				5C6BC7AA1C6441DC009E5FA9 /* Main.storyboard in Resources */,
			);
			runOnlyForDeploymentPostprocessing = 0;
		};
/* End PBXResourcesBuildPhase section */

/* Begin PBXShellScriptBuildPhase section */
		275AE11ED8EFC30B561FA8FF /* Copy Pods Resources */ = {
			isa = PBXShellScriptBuildPhase;
			buildActionMask = 2147483647;
			files = (
			);
			inputPaths = (
			);
			name = "Copy Pods Resources";
			outputPaths = (
			);
			runOnlyForDeploymentPostprocessing = 0;
			shellPath = /bin/sh;
			shellScript = "\"${SRCROOT}/Pods/Target Support Files/Pods-MovieViewer/Pods-MovieViewer-resources.sh\"\n";
			showEnvVarsInLog = 0;
		};
		45BDD538A73B95B2FAC2896E /* Check Pods Manifest.lock */ = {
			isa = PBXShellScriptBuildPhase;
			buildActionMask = 2147483647;
			files = (
			);
			inputPaths = (
			);
			name = "Check Pods Manifest.lock";
			outputPaths = (
			);
			runOnlyForDeploymentPostprocessing = 0;
			shellPath = /bin/sh;
			shellScript = "diff \"${PODS_ROOT}/../Podfile.lock\" \"${PODS_ROOT}/Manifest.lock\" > /dev/null\nif [[ $? != 0 ]] ; then\n    cat << EOM\nerror: The sandbox is not in sync with the Podfile.lock. Run 'pod install' or update your CocoaPods installation.\nEOM\n    exit 1\nfi\n";
			showEnvVarsInLog = 0;
		};
		88126D74282785A17F4178D2 /* Embed Pods Frameworks */ = {
			isa = PBXShellScriptBuildPhase;
			buildActionMask = 2147483647;
			files = (
			);
			inputPaths = (
			);
			name = "Embed Pods Frameworks";
			outputPaths = (
			);
			runOnlyForDeploymentPostprocessing = 0;
			shellPath = /bin/sh;
			shellScript = "\"${SRCROOT}/Pods/Target Support Files/Pods-MovieViewer/Pods-MovieViewer-frameworks.sh\"\n";
			showEnvVarsInLog = 0;
		};
/* End PBXShellScriptBuildPhase section */

/* Begin PBXSourcesBuildPhase section */
		5C6BC79D1C6441DC009E5FA9 /* Sources */ = {
			isa = PBXSourcesBuildPhase;
			buildActionMask = 2147483647;
			files = (
				5CECEC3B1C644D4A006963C7 /* MovieModel.swift in Sources */,
				5C6BC7A51C6441DC009E5FA9 /* AppDelegate.swift in Sources */,
				5C6E36551C6848BA009049BC /* collectionMovieCell.swift in Sources */,
				5CECEC421C645AD7006963C7 /* DetailViewController.swift in Sources */,
				5CECEC3E1C645452006963C7 /* MovieCell.swift in Sources */,
				5C6E36511C682E0F009049BC /* Style.swift in Sources */,
				5C6BC7B71C644303009E5FA9 /* MoviesViewController.swift in Sources */,
			);
			runOnlyForDeploymentPostprocessing = 0;
		};
/* End PBXSourcesBuildPhase section */

/* Begin PBXVariantGroup section */
		5C6BC7A81C6441DC009E5FA9 /* Main.storyboard */ = {
			isa = PBXVariantGroup;
			children = (
				5C6BC7A91C6441DC009E5FA9 /* Base */,
			);
			name = Main.storyboard;
			sourceTree = "<group>";
		};
		5C6BC7AD1C6441DC009E5FA9 /* LaunchScreen.storyboard */ = {
			isa = PBXVariantGroup;
			children = (
				5C6BC7AE1C6441DC009E5FA9 /* Base */,
			);
			name = LaunchScreen.storyboard;
			sourceTree = "<group>";
		};
/* End PBXVariantGroup section */

/* Begin XCBuildConfiguration section */
		5C6BC7B11C6441DC009E5FA9 /* Debug */ = {
			isa = XCBuildConfiguration;
			buildSettings = {
				ALWAYS_SEARCH_USER_PATHS = NO;
				CLANG_CXX_LANGUAGE_STANDARD = "gnu++0x";
				CLANG_CXX_LIBRARY = "libc++";
				CLANG_ENABLE_MODULES = YES;
				CLANG_ENABLE_OBJC_ARC = YES;
				CLANG_WARN_BOOL_CONVERSION = YES;
				CLANG_WARN_CONSTANT_CONVERSION = YES;
				CLANG_WARN_DIRECT_OBJC_ISA_USAGE = YES_ERROR;
				CLANG_WARN_EMPTY_BODY = YES;
				CLANG_WARN_ENUM_CONVERSION = YES;
				CLANG_WARN_INT_CONVERSION = YES;
				CLANG_WARN_OBJC_ROOT_CLASS = YES_ERROR;
				CLANG_WARN_UNREACHABLE_CODE = YES;
				CLANG_WARN__DUPLICATE_METHOD_MATCH = YES;
				"CODE_SIGN_IDENTITY[sdk=iphoneos*]" = "iPhone Developer";
				COPY_PHASE_STRIP = NO;
				DEBUG_INFORMATION_FORMAT = dwarf;
				ENABLE_STRICT_OBJC_MSGSEND = YES;
				ENABLE_TESTABILITY = YES;
				GCC_C_LANGUAGE_STANDARD = gnu99;
				GCC_DYNAMIC_NO_PIC = NO;
				GCC_NO_COMMON_BLOCKS = YES;
				GCC_OPTIMIZATION_LEVEL = 0;
				GCC_PREPROCESSOR_DEFINITIONS = (
					"DEBUG=1",
					"$(inherited)",
				);
				GCC_WARN_64_TO_32_BIT_CONVERSION = YES;
				GCC_WARN_ABOUT_RETURN_TYPE = YES_ERROR;
				GCC_WARN_UNDECLARED_SELECTOR = YES;
				GCC_WARN_UNINITIALIZED_AUTOS = YES_AGGRESSIVE;
				GCC_WARN_UNUSED_FUNCTION = YES;
				GCC_WARN_UNUSED_VARIABLE = YES;
				IPHONEOS_DEPLOYMENT_TARGET = 9.2;
				MTL_ENABLE_DEBUG_INFO = YES;
				ONLY_ACTIVE_ARCH = YES;
				SDKROOT = iphoneos;
				SWIFT_OPTIMIZATION_LEVEL = "-Onone";
			};
			name = Debug;
		};
		5C6BC7B21C6441DC009E5FA9 /* Release */ = {
			isa = XCBuildConfiguration;
			buildSettings = {
				ALWAYS_SEARCH_USER_PATHS = NO;
				CLANG_CXX_LANGUAGE_STANDARD = "gnu++0x";
				CLANG_CXX_LIBRARY = "libc++";
				CLANG_ENABLE_MODULES = YES;
				CLANG_ENABLE_OBJC_ARC = YES;
				CLANG_WARN_BOOL_CONVERSION = YES;
				CLANG_WARN_CONSTANT_CONVERSION = YES;
				CLANG_WARN_DIRECT_OBJC_ISA_USAGE = YES_ERROR;
				CLANG_WARN_EMPTY_BODY = YES;
				CLANG_WARN_ENUM_CONVERSION = YES;
				CLANG_WARN_INT_CONVERSION = YES;
				CLANG_WARN_OBJC_ROOT_CLASS = YES_ERROR;
				CLANG_WARN_UNREACHABLE_CODE = YES;
				CLANG_WARN__DUPLICATE_METHOD_MATCH = YES;
				"CODE_SIGN_IDENTITY[sdk=iphoneos*]" = "iPhone Developer";
				COPY_PHASE_STRIP = NO;
				DEBUG_INFORMATION_FORMAT = "dwarf-with-dsym";
				ENABLE_NS_ASSERTIONS = NO;
				ENABLE_STRICT_OBJC_MSGSEND = YES;
				GCC_C_LANGUAGE_STANDARD = gnu99;
				GCC_NO_COMMON_BLOCKS = YES;
				GCC_WARN_64_TO_32_BIT_CONVERSION = YES;
				GCC_WARN_ABOUT_RETURN_TYPE = YES_ERROR;
				GCC_WARN_UNDECLARED_SELECTOR = YES;
				GCC_WARN_UNINITIALIZED_AUTOS = YES_AGGRESSIVE;
				GCC_WARN_UNUSED_FUNCTION = YES;
				GCC_WARN_UNUSED_VARIABLE = YES;
				IPHONEOS_DEPLOYMENT_TARGET = 9.2;
				MTL_ENABLE_DEBUG_INFO = NO;
				SDKROOT = iphoneos;
				VALIDATE_PRODUCT = YES;
			};
			name = Release;
		};
		5C6BC7B41C6441DC009E5FA9 /* Debug */ = {
			isa = XCBuildConfiguration;
			baseConfigurationReference = D12D1929E499167871631BAA /* Pods-MovieViewer.debug.xcconfig */;
			buildSettings = {
				ASSETCATALOG_COMPILER_APPICON_NAME = AppIcon;
				INFOPLIST_FILE = MovieViewer/Info.plist;
				LD_RUNPATH_SEARCH_PATHS = "$(inherited) @executable_path/Frameworks";
				PRODUCT_BUNDLE_IDENTIFIER = com.wcjohnson11.MovieViewer;
				PRODUCT_NAME = "$(TARGET_NAME)";
			};
			name = Debug;
		};
		5C6BC7B51C6441DC009E5FA9 /* Release */ = {
			isa = XCBuildConfiguration;
			baseConfigurationReference = 1CCAFD3D6D05FA9D3D6A11E3 /* Pods-MovieViewer.release.xcconfig */;
			buildSettings = {
				ASSETCATALOG_COMPILER_APPICON_NAME = AppIcon;
				INFOPLIST_FILE = MovieViewer/Info.plist;
				LD_RUNPATH_SEARCH_PATHS = "$(inherited) @executable_path/Frameworks";
				PRODUCT_BUNDLE_IDENTIFIER = com.wcjohnson11.MovieViewer;
				PRODUCT_NAME = "$(TARGET_NAME)";
			};
			name = Release;
		};
/* End XCBuildConfiguration section */

/* Begin XCConfigurationList section */
		5C6BC79C1C6441DC009E5FA9 /* Build configuration list for PBXProject "MovieViewer" */ = {
			isa = XCConfigurationList;
			buildConfigurations = (
				5C6BC7B11C6441DC009E5FA9 /* Debug */,
				5C6BC7B21C6441DC009E5FA9 /* Release */,
			);
			defaultConfigurationIsVisible = 0;
			defaultConfigurationName = Release;
		};
		5C6BC7B31C6441DC009E5FA9 /* Build configuration list for PBXNativeTarget "MovieViewer" */ = {
			isa = XCConfigurationList;
			buildConfigurations = (
				5C6BC7B41C6441DC009E5FA9 /* Debug */,
				5C6BC7B51C6441DC009E5FA9 /* Release */,
			);
			defaultConfigurationIsVisible = 0;
			defaultConfigurationName = Release;
		};
/* End XCConfigurationList section */
	};
	rootObject = 5C6BC7991C6441DC009E5FA9 /* Project object */;
}
